github.com/canastic/chantest v0.0.0-20210218075530-34c9aad5cd57 h1:xNsJgFYZ3cKT6qCy1JOVWNNm8DMNZV8hUB8IuDn/R/A=
github.com/canastic/chantest v0.0.0-20210218075530-34c9aad5cd57/go.mod h1:63Et6wVOQ4i0PXdeaHoeR8Jw6RP2+5h1K2LnYFTwkUo=
github.com/canastic/ulidx v0.1.2 h1:eH90BayvIcMAVp8Lw+zK7kwaz9g3riGWz+WL2Zwbc/c=
github.com/canastic/ulidx v0.1.2/go.mod h1:G3oOx2R9M6bw+8aA1UY4vWbZewS1uX13ovEbvEmE2DM=
github.com/davecgh/go-spew v1.1.0/go.mod h1:J7Y8YcW2NihsgmVo/mv3lAwl/skON4iLHjSsI+c5H38=
github.com/davecgh/go-spew v1.1.1 h1:vj9j/u1bqnvCEfJOwUhtlOARqs3+rkHYY13jYWTU97c=
github.com/davecgh/go-spew v1.1.1/go.mod h1:J7Y8YcW2NihsgmVo/mv3lAwl/skON4iLHjSsI+c5H38=
github.com/google/go-cmp v0.3.1 h1:Xye71clBPdm5HgqGwUkwhbynsUJZhDbS20FvLhQ2izg=
github.com/google/go-cmp v0.3.1/go.mod h1:8QqcDgzrUqlUb/G2PQTWiueGozuR1884gddMywk6iLU=
github.com/lib/pq v1.2.0 h1:LXpIM/LZ5xGFhOpXAQUIMM1HdyqzVYM13zNdjCEEcA0=
github.com/lib/pq v1.2.0/go.mod h1:5WUZQaWbwv1U+lTReE5YruASi9Al49XbQIvNi/34Woo=
github.com/oklog/ulid v1.3.1 h1:EGfNDEx6MqHz8B3uNV6QAib1UR2Lm97sHi3ocA6ESJ4=
github.com/oklog/ulid v1.3.1/go.mod h1:CirwcVhetQ6Lv90oh/F+FBtV6XMibvdAFo93nm5qn4U=
github.com/pmezard/go-difflib v1.0.0 h1:4DBwDE0NGyQoBHbLQYPwSUPoCMWR5BEzIk/f1lZbAQM=
github.com/pmezard/go-difflib v1.0.0/go.mod h1:iKH77koFhYxTK1pcRnkKkqfTogsbg7gZNVY4sRDYZ/4=
github.com/stretchr/objx v0.1.0/go.mod h1:HFkY916IF+rwdDfMAkV7OtwuqBVzrE8GR6GFx+wExME=
github.com/stretchr/testify v1.3.0 h1:TivCn/peBQ7UY8ooIcPgZFpTNSz0Q2U6UrFlUfqbe0Q=
github.com/stretchr/testify v1.3.0/go.mod h1:M5WIy9Dh21IEIfnGCwXGc5bZfKNJtfHm1UVUgZn+9EI=
github.com/tcard/coro v1.0.1 h1:bEjMJ1lCzvBvPuXYNTlpNPSoaMlznYeRKVP6W72b2u8=
github.com/tcard/coro v1.0.1/go.mod h1:Er3KRfDezc0aIeWV1opHq/lREljNhzYIYr0QxdffbgQ=
github.com/tcard/gock v0.1.6 h1:zCc+oTjLyFYeX8P1cPI4RrbmO1+zywvXRAHuWOfcjik=
github.com/tcard/gock v0.1.6/go.mod h1:dc7/gtKnSdkyWtIgbV2RCL9/XksFpZzbVzZfSxeHH34=
github.com/tcard/sqlcoro v0.0.0-20200611065915-908ab32c4cfa h1:IwielFVIvipy1MIEsfCcqzti6sZuR2xHOEP8ptGCoA4=
github.com/tcard/sqlcoro v0.0.0-20200611065915-908ab32c4cfa/go.mod h1:OdJkEVCSQjVWE5tNgL/bGS3RBJW/NZ8i02z09EEj0q4=
github.com/tcard/sqler v1.0.0 h1:S+77jLTSkrqH5gd7bB6OxmktEdjPPNglYpVff7y61QA=
github.com/tcard/sqler v1.0.0/go.mod h1:aOIK0Y/aR6nu4nXwrFwKh8kwewkXNtqNL25tY3xnW3w=
golang.org/x/xerrors v0.0.0-20190513163551-3ee3066db522/go.mod h1:I/5z698sn9Ka8TeJc9MKroUUfqBBauWjQqLJ2OPfmY0=
golang.org/x/xerrors v0.0.0-20191011141410-1b5146add898 h1:/atklqdjdhuosWIl6AIbOeHJjicWYPqR9bpxqxYG2pA=
golang.org/x/xerrors v0.0.0-20191011141410-1b5146add898/go.mod h1:I/5z698sn9Ka8TeJc9MKroUUfqBBauWjQqLJ2OPfmY0=
